
Microsoft Visual Studio Solution File, Format Version 12.00
# Visual Studio Version 17
VisualStudioVersion = 17.4.33213.308
MinimumVisualStudioVersion = 10.0.40219.1
Project("{9A19103F-16F7-4668-BE54-9A1E7A4F7556}") = "DAL", "DAL\DAL.csproj", "{0D5BD9B8-2D83-4121-B14C-4716F017E3F2}"
EndProject
Project("{9A19103F-16F7-4668-BE54-9A1E7A4F7556}") = "BackEnd", "BackEnd\BackEnd.csproj", "{81AC1DFF-2B62-45B5-BA44-A8D899DFC28A}"
EndProject
Project("{9A19103F-16F7-4668-BE54-9A1E7A4F7556}") = "FrontEnd", "FrontEnd\FrontEnd.csproj", "{58F7C45B-2954-41AF-A279-6586F0264688}"
EndProject
Project("{FAE04EC0-301F-11D3-BF4B-00C04F79EFBC}") = "Entities", "Entities\Entities.csproj", "{09F8E32F-9279-4B69-810F-25970608CC93}"
EndProject
Global
	GlobalSection(SolutionConfigurationPlatforms) = preSolution
		Debug|Any CPU = Debug|Any CPU
		Release|Any CPU = Release|Any CPU
	EndGlobalSection
	GlobalSection(ProjectConfigurationPlatforms) = postSolution
		{0D5BD9B8-2D83-4121-B14C-4716F017E3F2}.Debug|Any CPU.ActiveCfg = Debug|Any CPU
		{0D5BD9B8-2D83-4121-B14C-4716F017E3F2}.Debug|Any CPU.Build.0 = Debug|Any CPU
		{0D5BD9B8-2D83-4121-B14C-4716F017E3F2}.Release|Any CPU.ActiveCfg = Release|Any CPU
		{0D5BD9B8-2D83-4121-B14C-4716F017E3F2}.Release|Any CPU.Build.0 = Release|Any CPU
		{81AC1DFF-2B62-45B5-BA44-A8D899DFC28A}.Debug|Any CPU.ActiveCfg = Debug|Any CPU
		{81AC1DFF-2B62-45B5-BA44-A8D899DFC28A}.Debug|Any CPU.Build.0 = Debug|Any CPU
		{81AC1DFF-2B62-45B5-BA44-A8D899DFC28A}.Release|Any CPU.ActiveCfg = Release|Any CPU
		{81AC1DFF-2B62-45B5-BA44-A8D899DFC28A}.Release|Any CPU.Build.0 = Release|Any CPU
		{58F7C45B-2954-41AF-A279-6586F0264688}.Debug|Any CPU.ActiveCfg = Debug|Any CPU
		{58F7C45B-2954-41AF-A279-6586F0264688}.Debug|Any CPU.Build.0 = Debug|Any CPU
		{58F7C45B-2954-41AF-A279-6586F0264688}.Release|Any CPU.ActiveCfg = Release|Any CPU
		{58F7C45B-2954-41AF-A279-6586F0264688}.Release|Any CPU.Build.0 = Release|Any CPU
		{09F8E32F-9279-4B69-810F-25970608CC93}.Debug|Any CPU.ActiveCfg = Debug|Any CPU
		{09F8E32F-9279-4B69-810F-25970608CC93}.Debug|Any CPU.Build.0 = Debug|Any CPU
		{09F8E32F-9279-4B69-810F-25970608CC93}.Release|Any CPU.ActiveCfg = Release|Any CPU
		{09F8E32F-9279-4B69-810F-25970608CC93}.Release|Any CPU.Build.0 = Release|Any CPU
	EndGlobalSection
	GlobalSection(SolutionProperties) = preSolution
		HideSolutionNode = FALSE
	EndGlobalSection
	GlobalSection(ExtensibilityGlobals) = postSolution
		SolutionGuid = {294F2B0B-F945-4893-8F2D-03DCCA7B2F40}
	EndGlobalSection
EndGlobal
